
Microsoft Visual Studio Solution File, Format Version 12.00
# Visual Studio Version 17
VisualStudioVersion = 17.0.31903.59
MinimumVisualStudioVersion = 10.0.40219.1
Project("{2150E333-8FDC-42A3-9474-1A3956D46DE8}") = "src", "src", "{827E0CD3-B72D-47B6-A68D-7590B98EB39B}"
EndProject
Project("{FAE04EC0-301F-11D3-BF4B-00C04F79EFBC}") = "AuthKit.Core", "src\AuthKit.Core\AuthKit.Core.csproj", "{CF850067-B1CC-41A4-97CD-58636D1FF019}"
EndProject
Project("{FAE04EC0-301F-11D3-BF4B-00C04F79EFBC}") = "AuthKit.AspNetCore", "src\AuthKit.AspNetCore\AuthKit.AspNetCore.csproj", "{C0794F76-EA9F-4531-BE61-53A6C00E33FC}"
EndProject
Project("{FAE04EC0-301F-11D3-BF4B-00C04F79EFBC}") = "AuthKit.EntityFrameworkCore", "src\AuthKit.EntityFrameworkCore\AuthKit.EntityFrameworkCore.csproj", "{1DAA0E9E-1C8A-4903-A889-493B9FBAB0BD}"
EndProject
Project("{FAE04EC0-301F-11D3-BF4B-00C04F79EFBC}") = "AuthKit.PostgreSql", "src\AuthKit.PostgreSql\AuthKit.PostgreSql.csproj", "{F06E3B43-FA70-48E5-875C-B36692A57174}"
EndProject
Project("{2150E333-8FDC-42A3-9474-1A3956D46DE8}") = "samples", "samples", "{5D20AA90-6969-D8BD-9DCD-8634F4692FDA}"
EndProject
Project("{FAE04EC0-301F-11D3-BF4B-00C04F79EFBC}") = "AuthKit.MinimalApi.PostgreSql", "samples\AuthKit.MinimalApi.PostgreSql\AuthKit.MinimalApi.PostgreSql.csproj", "{C25E0FFD-A23C-4FB5-81FE-BB4D37AF0284}"
EndProject
Project("{FAE04EC0-301F-11D3-BF4B-00C04F79EFBC}") = "AuthKit.Playground", "samples\AuthKit.Playground\AuthKit.Playground.csproj", "{C4B5137B-D6B6-42AD-BD48-74EFA6AED6C8}"
EndProject
Global
	GlobalSection(SolutionConfigurationPlatforms) = preSolution
		Debug|Any CPU = Debug|Any CPU
		Debug|x64 = Debug|x64
		Debug|x86 = Debug|x86
		Release|Any CPU = Release|Any CPU
		Release|x64 = Release|x64
		Release|x86 = Release|x86
	EndGlobalSection
	GlobalSection(ProjectConfigurationPlatforms) = postSolution
		{CF850067-B1CC-41A4-97CD-58636D1FF019}.Debug|Any CPU.ActiveCfg = Debug|Any CPU
		{CF850067-B1CC-41A4-97CD-58636D1FF019}.Debug|Any CPU.Build.0 = Debug|Any CPU
		{CF850067-B1CC-41A4-97CD-58636D1FF019}.Debug|x64.ActiveCfg = Debug|Any CPU
		{CF850067-B1CC-41A4-97CD-58636D1FF019}.Debug|x64.Build.0 = Debug|Any CPU
		{CF850067-B1CC-41A4-97CD-58636D1FF019}.Debug|x86.ActiveCfg = Debug|Any CPU
		{CF850067-B1CC-41A4-97CD-58636D1FF019}.Debug|x86.Build.0 = Debug|Any CPU
		{CF850067-B1CC-41A4-97CD-58636D1FF019}.Release|Any CPU.ActiveCfg = Release|Any CPU
		{CF850067-B1CC-41A4-97CD-58636D1FF019}.Release|Any CPU.Build.0 = Release|Any CPU
		{CF850067-B1CC-41A4-97CD-58636D1FF019}.Release|x64.ActiveCfg = Release|Any CPU
		{CF850067-B1CC-41A4-97CD-58636D1FF019}.Release|x64.Build.0 = Release|Any CPU
		{CF850067-B1CC-41A4-97CD-58636D1FF019}.Release|x86.ActiveCfg = Release|Any CPU
		{CF850067-B1CC-41A4-97CD-58636D1FF019}.Release|x86.Build.0 = Release|Any CPU
		{C0794F76-EA9F-4531-BE61-53A6C00E33FC}.Debug|Any CPU.ActiveCfg = Debug|Any CPU
		{C0794F76-EA9F-4531-BE61-53A6C00E33FC}.Debug|Any CPU.Build.0 = Debug|Any CPU
		{C0794F76-EA9F-4531-BE61-53A6C00E33FC}.Debug|x64.ActiveCfg = Debug|Any CPU
		{C0794F76-EA9F-4531-BE61-53A6C00E33FC}.Debug|x64.Build.0 = Debug|Any CPU
		{C0794F76-EA9F-4531-BE61-53A6C00E33FC}.Debug|x86.ActiveCfg = Debug|Any CPU
		{C0794F76-EA9F-4531-BE61-53A6C00E33FC}.Debug|x86.Build.0 = Debug|Any CPU
		{C0794F76-EA9F-4531-BE61-53A6C00E33FC}.Release|Any CPU.ActiveCfg = Release|Any CPU
		{C0794F76-EA9F-4531-BE61-53A6C00E33FC}.Release|Any CPU.Build.0 = Release|Any CPU
		{C0794F76-EA9F-4531-BE61-53A6C00E33FC}.Release|x64.ActiveCfg = Release|Any CPU
		{C0794F76-EA9F-4531-BE61-53A6C00E33FC}.Release|x64.Build.0 = Release|Any CPU
		{C0794F76-EA9F-4531-BE61-53A6C00E33FC}.Release|x86.ActiveCfg = Release|Any CPU
		{C0794F76-EA9F-4531-BE61-53A6C00E33FC}.Release|x86.Build.0 = Release|Any CPU
		{1DAA0E9E-1C8A-4903-A889-493B9FBAB0BD}.Debug|Any CPU.ActiveCfg = Debug|Any CPU
		{1DAA0E9E-1C8A-4903-A889-493B9FBAB0BD}.Debug|Any CPU.Build.0 = Debug|Any CPU
		{1DAA0E9E-1C8A-4903-A889-493B9FBAB0BD}.Debug|x64.ActiveCfg = Debug|Any CPU
		{1DAA0E9E-1C8A-4903-A889-493B9FBAB0BD}.Debug|x64.Build.0 = Debug|Any CPU
		{1DAA0E9E-1C8A-4903-A889-493B9FBAB0BD}.Debug|x86.ActiveCfg = Debug|Any CPU
		{1DAA0E9E-1C8A-4903-A889-493B9FBAB0BD}.Debug|x86.Build.0 = Debug|Any CPU
		{1DAA0E9E-1C8A-4903-A889-493B9FBAB0BD}.Release|Any CPU.ActiveCfg = Release|Any CPU
		{1DAA0E9E-1C8A-4903-A889-493B9FBAB0BD}.Release|Any CPU.Build.0 = Release|Any CPU
		{1DAA0E9E-1C8A-4903-A889-493B9FBAB0BD}.Release|x64.ActiveCfg = Release|Any CPU
		{1DAA0E9E-1C8A-4903-A889-493B9FBAB0BD}.Release|x64.Build.0 = Release|Any CPU
		{1DAA0E9E-1C8A-4903-A889-493B9FBAB0BD}.Release|x86.ActiveCfg = Release|Any CPU
		{1DAA0E9E-1C8A-4903-A889-493B9FBAB0BD}.Release|x86.Build.0 = Release|Any CPU
		{F06E3B43-FA70-48E5-875C-B36692A57174}.Debug|Any CPU.ActiveCfg = Debug|Any CPU
		{F06E3B43-FA70-48E5-875C-B36692A57174}.Debug|Any CPU.Build.0 = Debug|Any CPU
		{F06E3B43-FA70-48E5-875C-B36692A57174}.Debug|x64.ActiveCfg = Debug|Any CPU
		{F06E3B43-FA70-48E5-875C-B36692A57174}.Debug|x64.Build.0 = Debug|Any CPU
		{F06E3B43-FA70-48E5-875C-B36692A57174}.Debug|x86.ActiveCfg = Debug|Any CPU
		{F06E3B43-FA70-48E5-875C-B36692A57174}.Debug|x86.Build.0 = Debug|Any CPU
		{F06E3B43-FA70-48E5-875C-B36692A57174}.Release|Any CPU.ActiveCfg = Release|Any CPU
		{F06E3B43-FA70-48E5-875C-B36692A57174}.Release|Any CPU.Build.0 = Release|Any CPU
		{F06E3B43-FA70-48E5-875C-B36692A57174}.Release|x64.ActiveCfg = Release|Any CPU
		{F06E3B43-FA70-48E5-875C-B36692A57174}.Release|x64.Build.0 = Release|Any CPU
		{F06E3B43-FA70-48E5-875C-B36692A57174}.Release|x86.ActiveCfg = Release|Any CPU
		{F06E3B43-FA70-48E5-875C-B36692A57174}.Release|x86.Build.0 = Release|Any CPU
		{C25E0FFD-A23C-4FB5-81FE-BB4D37AF0284}.Debug|Any CPU.ActiveCfg = Debug|Any CPU
		{C25E0FFD-A23C-4FB5-81FE-BB4D37AF0284}.Debug|Any CPU.Build.0 = Debug|Any CPU
		{C25E0FFD-A23C-4FB5-81FE-BB4D37AF0284}.Debug|x64.ActiveCfg = Debug|Any CPU
		{C25E0FFD-A23C-4FB5-81FE-BB4D37AF0284}.Debug|x64.Build.0 = Debug|Any CPU
		{C25E0FFD-A23C-4FB5-81FE-BB4D37AF0284}.Debug|x86.ActiveCfg = Debug|Any CPU
		{C25E0FFD-A23C-4FB5-81FE-BB4D37AF0284}.Debug|x86.Build.0 = Debug|Any CPU
		{C25E0FFD-A23C-4FB5-81FE-BB4D37AF0284}.Release|Any CPU.ActiveCfg = Release|Any CPU
		{C25E0FFD-A23C-4FB5-81FE-BB4D37AF0284}.Release|Any CPU.Build.0 = Release|Any CPU
		{C25E0FFD-A23C-4FB5-81FE-BB4D37AF0284}.Release|x64.ActiveCfg = Release|Any CPU
		{C25E0FFD-A23C-4FB5-81FE-BB4D37AF0284}.Release|x64.Build.0 = Release|Any CPU
		{C25E0FFD-A23C-4FB5-81FE-BB4D37AF0284}.Release|x86.ActiveCfg = Release|Any CPU
		{C25E0FFD-A23C-4FB5-81FE-BB4D37AF0284}.Release|x86.Build.0 = Release|Any CPU
		{C4B5137B-D6B6-42AD-BD48-74EFA6AED6C8}.Debug|Any CPU.ActiveCfg = Debug|Any CPU
		{C4B5137B-D6B6-42AD-BD48-74EFA6AED6C8}.Debug|Any CPU.Build.0 = Debug|Any CPU
		{C4B5137B-D6B6-42AD-BD48-74EFA6AED6C8}.Debug|x64.ActiveCfg = Debug|Any CPU
		{C4B5137B-D6B6-42AD-BD48-74EFA6AED6C8}.Debug|x64.Build.0 = Debug|Any CPU
		{C4B5137B-D6B6-42AD-BD48-74EFA6AED6C8}.Debug|x86.ActiveCfg = Debug|Any CPU
		{C4B5137B-D6B6-42AD-BD48-74EFA6AED6C8}.Debug|x86.Build.0 = Debug|Any CPU
		{C4B5137B-D6B6-42AD-BD48-74EFA6AED6C8}.Release|Any CPU.ActiveCfg = Release|Any CPU
		{C4B5137B-D6B6-42AD-BD48-74EFA6AED6C8}.Release|Any CPU.Build.0 = Release|Any CPU
		{C4B5137B-D6B6-42AD-BD48-74EFA6AED6C8}.Release|x64.ActiveCfg = Release|Any CPU
		{C4B5137B-D6B6-42AD-BD48-74EFA6AED6C8}.Release|x64.Build.0 = Release|Any CPU
		{C4B5137B-D6B6-42AD-BD48-74EFA6AED6C8}.Release|x86.ActiveCfg = Release|Any CPU
		{C4B5137B-D6B6-42AD-BD48-74EFA6AED6C8}.Release|x86.Build.0 = Release|Any CPU
	EndGlobalSection
	GlobalSection(SolutionProperties) = preSolution
		HideSolutionNode = FALSE
	EndGlobalSection
	GlobalSection(NestedProjects) = preSolution
		{CF850067-B1CC-41A4-97CD-58636D1FF019} = {827E0CD3-B72D-47B6-A68D-7590B98EB39B}
		{C0794F76-EA9F-4531-BE61-53A6C00E33FC} = {827E0CD3-B72D-47B6-A68D-7590B98EB39B}
		{1DAA0E9E-1C8A-4903-A889-493B9FBAB0BD} = {827E0CD3-B72D-47B6-A68D-7590B98EB39B}
		{F06E3B43-FA70-48E5-875C-B36692A57174} = {827E0CD3-B72D-47B6-A68D-7590B98EB39B}
		{C25E0FFD-A23C-4FB5-81FE-BB4D37AF0284} = {5D20AA90-6969-D8BD-9DCD-8634F4692FDA}
		{C4B5137B-D6B6-42AD-BD48-74EFA6AED6C8} = {5D20AA90-6969-D8BD-9DCD-8634F4692FDA}
	EndGlobalSection
EndGlobal
